// !$*UTF8*$!
{
	archiveVersion = 1;
	classes = {
	};
	objectVersion = 55;
	objects = {

/* Begin PBXBuildFile section */
		8E5DD34B28182B9F00CA2163 /* Extensions.swift in Sources */ = {isa = PBXBuildFile; fileRef = 8E5DD34A28182B9F00CA2163 /* Extensions.swift */; };
		8E6FBE482812A5BF00977589 /* AppDelegate.swift in Sources */ = {isa = PBXBuildFile; fileRef = 8E6FBE472812A5BF00977589 /* AppDelegate.swift */; };
		8E6FBE4A2812A5BF00977589 /* SceneDelegate.swift in Sources */ = {isa = PBXBuildFile; fileRef = 8E6FBE492812A5BF00977589 /* SceneDelegate.swift */; };
		8E6FBE4C2812A5BF00977589 /* ConversationsViewController.swift in Sources */ = {isa = PBXBuildFile; fileRef = 8E6FBE4B2812A5BF00977589 /* ConversationsViewController.swift */; };
		8E6FBE4F2812A5BF00977589 /* Main.storyboard in Resources */ = {isa = PBXBuildFile; fileRef = 8E6FBE4D2812A5BF00977589 /* Main.storyboard */; };
		8E6FBE512812A5C000977589 /* Assets.xcassets in Resources */ = {isa = PBXBuildFile; fileRef = 8E6FBE502812A5C000977589 /* Assets.xcassets */; };
		8E6FBE542812A5C000977589 /* LaunchScreen.storyboard in Resources */ = {isa = PBXBuildFile; fileRef = 8E6FBE522812A5C000977589 /* LaunchScreen.storyboard */; };
		8E6FBE612812A6C000977589 /* LoginViewController.swift in Sources */ = {isa = PBXBuildFile; fileRef = 8E6FBE602812A6C000977589 /* LoginViewController.swift */; };
		8E6FBE632812A6D100977589 /* RegisterViewController.swift in Sources */ = {isa = PBXBuildFile; fileRef = 8E6FBE622812A6D100977589 /* RegisterViewController.swift */; };
		8E6FBE652812A6EF00977589 /* PhotoViewerViewController.swift in Sources */ = {isa = PBXBuildFile; fileRef = 8E6FBE642812A6EF00977589 /* PhotoViewerViewController.swift */; };
		8E6FBE672812A6FD00977589 /* VideoPlayerViewController.swift in Sources */ = {isa = PBXBuildFile; fileRef = 8E6FBE662812A6FD00977589 /* VideoPlayerViewController.swift */; };
		8E6FBE6A2812A71800977589 /* NewConversationViewController.swift in Sources */ = {isa = PBXBuildFile; fileRef = 8E6FBE692812A71800977589 /* NewConversationViewController.swift */; };
		8E6FBE6C2812A72300977589 /* ProfileViewController.swift in Sources */ = {isa = PBXBuildFile; fileRef = 8E6FBE6B2812A72300977589 /* ProfileViewController.swift */; };
/* End PBXBuildFile section */

/* Begin PBXFileReference section */
		8E5DD34A28182B9F00CA2163 /* Extensions.swift */ = {isa = PBXFileReference; lastKnownFileType = sourcecode.swift; path = Extensions.swift; sourceTree = "<group>"; };
		8E6FBE442812A5BE00977589 /* Messenger.app */ = {isa = PBXFileReference; explicitFileType = wrapper.application; includeInIndex = 0; path = Messenger.app; sourceTree = BUILT_PRODUCTS_DIR; };
		8E6FBE472812A5BF00977589 /* AppDelegate.swift */ = {isa = PBXFileReference; lastKnownFileType = sourcecode.swift; path = AppDelegate.swift; sourceTree = "<group>"; };
		8E6FBE492812A5BF00977589 /* SceneDelegate.swift */ = {isa = PBXFileReference; lastKnownFileType = sourcecode.swift; path = SceneDelegate.swift; sourceTree = "<group>"; };
		8E6FBE4B2812A5BF00977589 /* ConversationsViewController.swift */ = {isa = PBXFileReference; lastKnownFileType = sourcecode.swift; path = ConversationsViewController.swift; sourceTree = "<group>"; };
		8E6FBE4E2812A5BF00977589 /* Base */ = {isa = PBXFileReference; lastKnownFileType = file.storyboard; name = Base; path = Base.lproj/Main.storyboard; sourceTree = "<group>"; };
		8E6FBE502812A5C000977589 /* Assets.xcassets */ = {isa = PBXFileReference; lastKnownFileType = folder.assetcatalog; path = Assets.xcassets; sourceTree = "<group>"; };
		8E6FBE532812A5C000977589 /* Base */ = {isa = PBXFileReference; lastKnownFileType = file.storyboard; name = Base; path = Base.lproj/LaunchScreen.storyboard; sourceTree = "<group>"; };
		8E6FBE552812A5C000977589 /* Info.plist */ = {isa = PBXFileReference; lastKnownFileType = text.plist.xml; path = Info.plist; sourceTree = "<group>"; };
		8E6FBE602812A6C000977589 /* LoginViewController.swift */ = {isa = PBXFileReference; lastKnownFileType = sourcecode.swift; path = LoginViewController.swift; sourceTree = "<group>"; };
		8E6FBE622812A6D100977589 /* RegisterViewController.swift */ = {isa = PBXFileReference; lastKnownFileType = sourcecode.swift; path = RegisterViewController.swift; sourceTree = "<group>"; };
		8E6FBE642812A6EF00977589 /* PhotoViewerViewController.swift */ = {isa = PBXFileReference; lastKnownFileType = sourcecode.swift; path = PhotoViewerViewController.swift; sourceTree = "<group>"; };
		8E6FBE662812A6FD00977589 /* VideoPlayerViewController.swift */ = {isa = PBXFileReference; lastKnownFileType = sourcecode.swift; path = VideoPlayerViewController.swift; sourceTree = "<group>"; };
		8E6FBE692812A71800977589 /* NewConversationViewController.swift */ = {isa = PBXFileReference; lastKnownFileType = sourcecode.swift; path = NewConversationViewController.swift; sourceTree = "<group>"; };
		8E6FBE6B2812A72300977589 /* ProfileViewController.swift */ = {isa = PBXFileReference; lastKnownFileType = sourcecode.swift; path = ProfileViewController.swift; sourceTree = "<group>"; };
/* End PBXFileReference section */

/* Begin PBXFrameworksBuildPhase section */
		8E6FBE412812A5BE00977589 /* Frameworks */ = {
			isa = PBXFrameworksBuildPhase;
			buildActionMask = 2147483647;
			files = (
			);
			runOnlyForDeploymentPostprocessing = 0;
		};
/* End PBXFrameworksBuildPhase section */

/* Begin PBXGroup section */
		8E5DD3492818285500CA2163 /* Login */ = {
			isa = PBXGroup;
			children = (
				8E6FBE602812A6C000977589 /* LoginViewController.swift */,
				8E6FBE622812A6D100977589 /* RegisterViewController.swift */,
			);
			path = Login;
			sourceTree = "<group>";
		};
		8E6FBE3B2812A5BE00977589 = {
			isa = PBXGroup;
			children = (
				8E6FBE462812A5BE00977589 /* Messenger */,
				8E6FBE452812A5BE00977589 /* Products */,
			);
			sourceTree = "<group>";
		};
		8E6FBE452812A5BE00977589 /* Products */ = {
			isa = PBXGroup;
			children = (
				8E6FBE442812A5BE00977589 /* Messenger.app */,
			);
			name = Products;
			sourceTree = "<group>";
		};
		8E6FBE462812A5BE00977589 /* Messenger */ = {
			isa = PBXGroup;
			children = (
				8E6FBE502812A5C000977589 /* Assets.xcassets */,
				8E6FBE5F2812A5E400977589 /* Controllers */,
				8E6FBE552812A5C000977589 /* Info.plist */,
				8E6FBE5D2812A5D800977589 /* Model */,
				8E6FBE5B2812A5C600977589 /* Resources */,
				8E6FBE5C2812A5D000977589 /* ViewModels */,
				8E6FBE5E2812A5DC00977589 /* Views */,
			);
			path = Messenger;
			sourceTree = "<group>";
		};
		8E6FBE5B2812A5C600977589 /* Resources */ = {
			isa = PBXGroup;
			children = (
				8E6FBE472812A5BF00977589 /* AppDelegate.swift */,
				8E6FBE492812A5BF00977589 /* SceneDelegate.swift */,
				8E5DD34A28182B9F00CA2163 /* Extensions.swift */,
			);
			path = Resources;
			sourceTree = "<group>";
		};
		8E6FBE5C2812A5D000977589 /* ViewModels */ = {
			isa = PBXGroup;
			children = (
			);
			path = ViewModels;
			sourceTree = "<group>";
		};
		8E6FBE5D2812A5D800977589 /* Model */ = {
			isa = PBXGroup;
			children = (
			);
			path = Model;
			sourceTree = "<group>";
		};
		8E6FBE5E2812A5DC00977589 /* Views */ = {
			isa = PBXGroup;
			children = (
				8E6FBE522812A5C000977589 /* LaunchScreen.storyboard */,
				8E6FBE4D2812A5BF00977589 /* Main.storyboard */,
			);
			path = Views;
			sourceTree = "<group>";
		};
		8E6FBE5F2812A5E400977589 /* Controllers */ = {
			isa = PBXGroup;
			children = (
				8E6FBE4B2812A5BF00977589 /* ConversationsViewController.swift */,
				8E5DD3492818285500CA2163 /* Login */,
				8E6FBE642812A6EF00977589 /* PhotoViewerViewController.swift */,
				8E6FBE662812A6FD00977589 /* VideoPlayerViewController.swift */,
				8E6FBE692812A71800977589 /* NewConversationViewController.swift */,
				8E6FBE6B2812A72300977589 /* ProfileViewController.swift */,
			);
			path = Controllers;
			sourceTree = "<group>";
		};
/* End PBXGroup section */

/* Begin PBXNativeTarget section */
		8E6FBE432812A5BE00977589 /* Messenger */ = {
			isa = PBXNativeTarget;
			buildConfigurationList = 8E6FBE582812A5C000977589 /* Build configuration list for PBXNativeTarget "Messenger" */;
			buildPhases = (
				8E6FBE402812A5BE00977589 /* Sources */,
				8E6FBE412812A5BE00977589 /* Frameworks */,
				8E6FBE422812A5BE00977589 /* Resources */,
			);
			buildRules = (
			);
			dependencies = (
			);
			name = Messenger;
			productName = Messenger;
			productReference = 8E6FBE442812A5BE00977589 /* Messenger.app */;
			productType = "com.apple.product-type.application";
		};
/* End PBXNativeTarget section */

/* Begin PBXProject section */
		8E6FBE3C2812A5BE00977589 /* Project object */ = {
			isa = PBXProject;
			attributes = {
				BuildIndependentTargetsInParallel = 1;
				LastSwiftUpdateCheck = 1320;
				LastUpgradeCheck = 1320;
				TargetAttributes = {
					8E6FBE432812A5BE00977589 = {
						CreatedOnToolsVersion = 13.2.1;
					};
				};
			};
			buildConfigurationList = 8E6FBE3F2812A5BE00977589 /* Build configuration list for PBXProject "Messenger" */;
			compatibilityVersion = "Xcode 13.0";
			developmentRegion = en;
			hasScannedForEncodings = 0;
			knownRegions = (
				en,
				Base,
			);
			mainGroup = 8E6FBE3B2812A5BE00977589;
			productRefGroup = 8E6FBE452812A5BE00977589 /* Products */;
			projectDirPath = "";
			projectRoot = "";
			targets = (
				8E6FBE432812A5BE00977589 /* Messenger */,
			);
		};
/* End PBXProject section */

/* Begin PBXResourcesBuildPhase section */
		8E6FBE422812A5BE00977589 /* Resources */ = {
			isa = PBXResourcesBuildPhase;
			buildActionMask = 2147483647;
			files = (
				8E6FBE542812A5C000977589 /* LaunchScreen.storyboard in Resources */,
				8E6FBE512812A5C000977589 /* Assets.xcassets in Resources */,
				8E6FBE4F2812A5BF00977589 /* Main.storyboard in Resources */,
			);
			runOnlyForDeploymentPostprocessing = 0;
		};
/* End PBXResourcesBuildPhase section */

/* Begin PBXSourcesBuildPhase section */
		8E6FBE402812A5BE00977589 /* Sources */ = {
			isa = PBXSourcesBuildPhase;
			buildActionMask = 2147483647;
			files = (
				8E6FBE612812A6C000977589 /* LoginViewController.swift in Sources */,
				8E6FBE632812A6D100977589 /* RegisterViewController.swift in Sources */,
				8E6FBE6A2812A71800977589 /* NewConversationViewController.swift in Sources */,
				8E6FBE4C2812A5BF00977589 /* ConversationsViewController.swift in Sources */,
				8E6FBE672812A6FD00977589 /* VideoPlayerViewController.swift in Sources */,
				8E5DD34B28182B9F00CA2163 /* Extensions.swift in Sources */,
				8E6FBE482812A5BF00977589 /* AppDelegate.swift in Sources */,
				8E6FBE6C2812A72300977589 /* ProfileViewController.swift in Sources */,
				8E6FBE4A2812A5BF00977589 /* SceneDelegate.swift in Sources */,
				8E6FBE652812A6EF00977589 /* PhotoViewerViewController.swift in Sources */,
			);
			runOnlyForDeploymentPostprocessing = 0;
		};
/* End PBXSourcesBuildPhase section */

/* Begin PBXVariantGroup section */
		8E6FBE4D2812A5BF00977589 /* Main.storyboard */ = {
			isa = PBXVariantGroup;
			children = (
				8E6FBE4E2812A5BF00977589 /* Base */,
			);
			name = Main.storyboard;
			sourceTree = "<group>";
		};
		8E6FBE522812A5C000977589 /* LaunchScreen.storyboard */ = {
			isa = PBXVariantGroup;
			children = (
				8E6FBE532812A5C000977589 /* Base */,
			);
			name = LaunchScreen.storyboard;
			sourceTree = "<group>";
		};
/* End PBXVariantGroup section */

/* Begin XCBuildConfiguration section */
		8E6FBE562812A5C000977589 /* Debug */ = {
			isa = XCBuildConfiguration;
			buildSettings = {
				ALWAYS_SEARCH_USER_PATHS = NO;
				CLANG_ANALYZER_NONNULL = YES;
				CLANG_ANALYZER_NUMBER_OBJECT_CONVERSION = YES_AGGRESSIVE;
				CLANG_CXX_LANGUAGE_STANDARD = "gnu++17";
				CLANG_CXX_LIBRARY = "libc++";
				CLANG_ENABLE_MODULES = YES;
				CLANG_ENABLE_OBJC_ARC = YES;
				CLANG_ENABLE_OBJC_WEAK = YES;
				CLANG_WARN_BLOCK_CAPTURE_AUTORELEASING = YES;
				CLANG_WARN_BOOL_CONVERSION = YES;
				CLANG_WARN_COMMA = YES;
				CLANG_WARN_CONSTANT_CONVERSION = YES;
				CLANG_WARN_DEPRECATED_OBJC_IMPLEMENTATIONS = YES;
				CLANG_WARN_DIRECT_OBJC_ISA_USAGE = YES_ERROR;
				CLANG_WARN_DOCUMENTATION_COMMENTS = YES;
				CLANG_WARN_EMPTY_BODY = YES;
				CLANG_WARN_ENUM_CONVERSION = YES;
				CLANG_WARN_INFINITE_RECURSION = YES;
				CLANG_WARN_INT_CONVERSION = YES;
				CLANG_WARN_NON_LITERAL_NULL_CONVERSION = YES;
				CLANG_WARN_OBJC_IMPLICIT_RETAIN_SELF = YES;
				CLANG_WARN_OBJC_LITERAL_CONVERSION = YES;
				CLANG_WARN_OBJC_ROOT_CLASS = YES_ERROR;
				CLANG_WARN_QUOTED_INCLUDE_IN_FRAMEWORK_HEADER = YES;
				CLANG_WARN_RANGE_LOOP_ANALYSIS = YES;
				CLANG_WARN_STRICT_PROTOTYPES = YES;
				CLANG_WARN_SUSPICIOUS_MOVE = YES;
				CLANG_WARN_UNGUARDED_AVAILABILITY = YES_AGGRESSIVE;
				CLANG_WARN_UNREACHABLE_CODE = YES;
				CLANG_WARN__DUPLICATE_METHOD_MATCH = YES;
				COPY_PHASE_STRIP = NO;
				DEBUG_INFORMATION_FORMAT = dwarf;
				ENABLE_STRICT_OBJC_MSGSEND = YES;
				ENABLE_TESTABILITY = YES;
				GCC_C_LANGUAGE_STANDARD = gnu11;
				GCC_DYNAMIC_NO_PIC = NO;
				GCC_NO_COMMON_BLOCKS = YES;
				GCC_OPTIMIZATION_LEVEL = 0;
				GCC_PREPROCESSOR_DEFINITIONS = (
					"DEBUG=1",
					"$(inherited)",
				);
				GCC_WARN_64_TO_32_BIT_CONVERSION = YES;
				GCC_WARN_ABOUT_RETURN_TYPE = YES_ERROR;
				GCC_WARN_UNDECLARED_SELECTOR = YES;
				GCC_WARN_UNINITIALIZED_AUTOS = YES_AGGRESSIVE;
				GCC_WARN_UNUSED_FUNCTION = YES;
				GCC_WARN_UNUSED_VARIABLE = YES;
				IPHONEOS_DEPLOYMENT_TARGET = 15.2;
				MTL_ENABLE_DEBUG_INFO = INCLUDE_SOURCE;
				MTL_FAST_MATH = YES;
				ONLY_ACTIVE_ARCH = YES;
				SDKROOT = iphoneos;
				SWIFT_ACTIVE_COMPILATION_CONDITIONS = DEBUG;
				SWIFT_OPTIMIZATION_LEVEL = "-Onone";
			};
			name = Debug;
		};
		8E6FBE572812A5C000977589 /* Release */ = {
			isa = XCBuildConfiguration;
			buildSettings = {
				ALWAYS_SEARCH_USER_PATHS = NO;
				CLANG_ANALYZER_NONNULL = YES;
				CLANG_ANALYZER_NUMBER_OBJECT_CONVERSION = YES_AGGRESSIVE;
				CLANG_CXX_LANGUAGE_STANDARD = "gnu++17";
				CLANG_CXX_LIBRARY = "libc++";
				CLANG_ENABLE_MODULES = YES;
				CLANG_ENABLE_OBJC_ARC = YES;
				CLANG_ENABLE_OBJC_WEAK = YES;
				CLANG_WARN_BLOCK_CAPTURE_AUTORELEASING = YES;
				CLANG_WARN_BOOL_CONVERSION = YES;
				CLANG_WARN_COMMA = YES;
				CLANG_WARN_CONSTANT_CONVERSION = YES;
				CLANG_WARN_DEPRECATED_OBJC_IMPLEMENTATIONS = YES;
				CLANG_WARN_DIRECT_OBJC_ISA_USAGE = YES_ERROR;
				CLANG_WARN_DOCUMENTATION_COMMENTS = YES;
				CLANG_WARN_EMPTY_BODY = YES;
				CLANG_WARN_ENUM_CONVERSION = YES;
				CLANG_WARN_INFINITE_RECURSION = YES;
				CLANG_WARN_INT_CONVERSION = YES;
				CLANG_WARN_NON_LITERAL_NULL_CONVERSION = YES;
				CLANG_WARN_OBJC_IMPLICIT_RETAIN_SELF = YES;
				CLANG_WARN_OBJC_LITERAL_CONVERSION = YES;
				CLANG_WARN_OBJC_ROOT_CLASS = YES_ERROR;
				CLANG_WARN_QUOTED_INCLUDE_IN_FRAMEWORK_HEADER = YES;
				CLANG_WARN_RANGE_LOOP_ANALYSIS = YES;
				CLANG_WARN_STRICT_PROTOTYPES = YES;
				CLANG_WARN_SUSPICIOUS_MOVE = YES;
				CLANG_WARN_UNGUARDED_AVAILABILITY = YES_AGGRESSIVE;
				CLANG_WARN_UNREACHABLE_CODE = YES;
				CLANG_WARN__DUPLICATE_METHOD_MATCH = YES;
				COPY_PHASE_STRIP = NO;
				DEBUG_INFORMATION_FORMAT = "dwarf-with-dsym";
				ENABLE_NS_ASSERTIONS = NO;
				ENABLE_STRICT_OBJC_MSGSEND = YES;
				GCC_C_LANGUAGE_STANDARD = gnu11;
				GCC_NO_COMMON_BLOCKS = YES;
				GCC_WARN_64_TO_32_BIT_CONVERSION = YES;
				GCC_WARN_ABOUT_RETURN_TYPE = YES_ERROR;
				GCC_WARN_UNDECLARED_SELECTOR = YES;
				GCC_WARN_UNINITIALIZED_AUTOS = YES_AGGRESSIVE;
				GCC_WARN_UNUSED_FUNCTION = YES;
				GCC_WARN_UNUSED_VARIABLE = YES;
				IPHONEOS_DEPLOYMENT_TARGET = 15.2;
				MTL_ENABLE_DEBUG_INFO = NO;
				MTL_FAST_MATH = YES;
				SDKROOT = iphoneos;
				SWIFT_COMPILATION_MODE = wholemodule;
				SWIFT_OPTIMIZATION_LEVEL = "-O";
				VALIDATE_PRODUCT = YES;
			};
			name = Release;
		};
		8E6FBE592812A5C000977589 /* Debug */ = {
			isa = XCBuildConfiguration;
			buildSettings = {
				ASSETCATALOG_COMPILER_APPICON_NAME = AppIcon;
				ASSETCATALOG_COMPILER_GLOBAL_ACCENT_COLOR_NAME = AccentColor;
				CODE_SIGN_STYLE = Automatic;
				CURRENT_PROJECT_VERSION = 1;
				DEVELOPMENT_TEAM = P9CD4D4F5T;
				GENERATE_INFOPLIST_FILE = YES;
				INFOPLIST_FILE = Messenger/Info.plist;
				INFOPLIST_KEY_NSCameraUsageDescription = "Please allow access to take a profile picture";
				INFOPLIST_KEY_NSPhotoLibraryUsageDescription = "Please allow access to select a photo for profile";
				INFOPLIST_KEY_UIApplicationSupportsIndirectInputEvents = YES;
				INFOPLIST_KEY_UILaunchStoryboardName = LaunchScreen;
				INFOPLIST_KEY_UIMainStoryboardFile = Main;
				INFOPLIST_KEY_UISupportedInterfaceOrientations_iPad = "UIInterfaceOrientationPortrait UIInterfaceOrientationPortraitUpsideDown";
				INFOPLIST_KEY_UISupportedInterfaceOrientations_iPhone = UIInterfaceOrientationPortrait;
				IPHONEOS_DEPLOYMENT_TARGET = 15.0;
				LD_RUNPATH_SEARCH_PATHS = (
					"$(inherited)",
					"@executable_path/Frameworks",
				);
				MARKETING_VERSION = 1.0;
				PRODUCT_BUNDLE_IDENTIFIER = com.nchatharoo.Messenger;
				PRODUCT_NAME = "$(TARGET_NAME)";
				SWIFT_EMIT_LOC_STRINGS = YES;
				SWIFT_VERSION = 5.0;
				TARGETED_DEVICE_FAMILY = "1,2";
			};
			name = Debug;
		};
		8E6FBE5A2812A5C000977589 /* Release */ = {
			isa = XCBuildConfiguration;
			buildSettings = {
				ASSETCATALOG_COMPILER_APPICON_NAME = AppIcon;
				ASSETCATALOG_COMPILER_GLOBAL_ACCENT_COLOR_NAME = AccentColor;
				CODE_SIGN_STYLE = Automatic;
				CURRENT_PROJECT_VERSION = 1;
				DEVELOPMENT_TEAM = P9CD4D4F5T;
				GENERATE_INFOPLIST_FILE = YES;
				INFOPLIST_FILE = Messenger/Info.plist;
				INFOPLIST_KEY_NSCameraUsageDescription = "Please allow access to take a profile picture";
				INFOPLIST_KEY_NSPhotoLibraryUsageDescription = "Please allow access to select a photo for profile";
				INFOPLIST_KEY_UIApplicationSupportsIndirectInputEvents = YES;
				INFOPLIST_KEY_UILaunchStoryboardName = LaunchScreen;
				INFOPLIST_KEY_UIMainStoryboardFile = Main;
				INFOPLIST_KEY_UISupportedInterfaceOrientations_iPad = "UIInterfaceOrientationPortrait UIInterfaceOrientationPortraitUpsideDown";
				INFOPLIST_KEY_UISupportedInterfaceOrientations_iPhone = UIInterfaceOrientationPortrait;
				IPHONEOS_DEPLOYMENT_TARGET = 15.0;
				LD_RUNPATH_SEARCH_PATHS = (
					"$(inherited)",
					"@executable_path/Frameworks",
				);
				MARKETING_VERSION = 1.0;
				PRODUCT_BUNDLE_IDENTIFIER = com.nchatharoo.Messenger;
				PRODUCT_NAME = "$(TARGET_NAME)";
				SWIFT_EMIT_LOC_STRINGS = YES;
				SWIFT_VERSION = 5.0;
				TARGETED_DEVICE_FAMILY = "1,2";
			};
			name = Release;
		};
/* End XCBuildConfiguration section */

/* Begin XCConfigurationList section */
		8E6FBE3F2812A5BE00977589 /* Build configuration list for PBXProject "Messenger" */ = {
			isa = XCConfigurationList;
			buildConfigurations = (
				8E6FBE562812A5C000977589 /* Debug */,
				8E6FBE572812A5C000977589 /* Release */,
			);
			defaultConfigurationIsVisible = 0;
			defaultConfigurationName = Release;
		};
		8E6FBE582812A5C000977589 /* Build configuration list for PBXNativeTarget "Messenger" */ = {
			isa = XCConfigurationList;
			buildConfigurations = (
				8E6FBE592812A5C000977589 /* Debug */,
				8E6FBE5A2812A5C000977589 /* Release */,
			);
			defaultConfigurationIsVisible = 0;
			defaultConfigurationName = Release;
		};
/* End XCConfigurationList section */
	};
	rootObject = 8E6FBE3C2812A5BE00977589 /* Project object */;
}
